// !$*UTF8*$!
{
	archiveVersion = 1;
	classes = {
	};
	objectVersion = 56;
	objects = {

/* Begin PBXBuildFile section */
		951C67522C4489A2000FA00F /* MoodListView.swift in Sources */ = {isa = PBXBuildFile; fileRef = 951C67512C4489A2000FA00F /* MoodListView.swift */; };
		951C67542C448B32000FA00F /* Mood.swift in Sources */ = {isa = PBXBuildFile; fileRef = 951C67532C448B32000FA00F /* Mood.swift */; };
		951C67562C448DEE000FA00F /* MoodToMovieView.swift in Sources */ = {isa = PBXBuildFile; fileRef = 951C67552C448DEE000FA00F /* MoodToMovieView.swift */; };
		951C67582C448FB1000FA00F /* MoodToMovieFeature.swift in Sources */ = {isa = PBXBuildFile; fileRef = 951C67572C448FB1000FA00F /* MoodToMovieFeature.swift */; };
		951C67602C44935E000FA00F /* TabViewFeature.swift in Sources */ = {isa = PBXBuildFile; fileRef = 951C675F2C44935E000FA00F /* TabViewFeature.swift */; };
		951C67622C449B88000FA00F /* Localizable.xcstrings in Resources */ = {isa = PBXBuildFile; fileRef = 951C67612C449B88000FA00F /* Localizable.xcstrings */; };
		9538A7FC2C780C4B00F61858 /* SwippablesView.swift in Sources */ = {isa = PBXBuildFile; fileRef = 9538A7FB2C780C4B00F61858 /* SwippablesView.swift */; };
		9538A7FE2C78118E00F61858 /* CardView.swift in Sources */ = {isa = PBXBuildFile; fileRef = 9538A7FD2C78118E00F61858 /* CardView.swift */; };
		957FF72B2C3DF5CD002CEEB3 /* AppDelegate.swift in Sources */ = {isa = PBXBuildFile; fileRef = 957FF72A2C3DF5CD002CEEB3 /* AppDelegate.swift */; };
		957FF72D2C3DF5CD002CEEB3 /* SceneDelegate.swift in Sources */ = {isa = PBXBuildFile; fileRef = 957FF72C2C3DF5CD002CEEB3 /* SceneDelegate.swift */; };
		957FF7342C3DF5CE002CEEB3 /* Assets.xcassets in Resources */ = {isa = PBXBuildFile; fileRef = 957FF7332C3DF5CE002CEEB3 /* Assets.xcassets */; };
		957FF7372C3DF5CE002CEEB3 /* Base in Resources */ = {isa = PBXBuildFile; fileRef = 957FF7362C3DF5CE002CEEB3 /* Base */; };
		957FF7422C3DF5CE002CEEB3 /* MovifyV2Tests.swift in Sources */ = {isa = PBXBuildFile; fileRef = 957FF7412C3DF5CE002CEEB3 /* MovifyV2Tests.swift */; };
		957FF74C2C3DF5CE002CEEB3 /* MovifyV2UITests.swift in Sources */ = {isa = PBXBuildFile; fileRef = 957FF74B2C3DF5CE002CEEB3 /* MovifyV2UITests.swift */; };
		957FF74E2C3DF5CE002CEEB3 /* MovifyV2UITestsLaunchTests.swift in Sources */ = {isa = PBXBuildFile; fileRef = 957FF74D2C3DF5CE002CEEB3 /* MovifyV2UITestsLaunchTests.swift */; };
		957FF75D2C3DF848002CEEB3 /* TabBarItem.swift in Sources */ = {isa = PBXBuildFile; fileRef = 957FF75C2C3DF848002CEEB3 /* TabBarItem.swift */; };
		957FF75F2C3DF860002CEEB3 /* TabBarView.swift in Sources */ = {isa = PBXBuildFile; fileRef = 957FF75E2C3DF860002CEEB3 /* TabBarView.swift */; };
		957FF7612C3DF888002CEEB3 /* MainTabView.swift in Sources */ = {isa = PBXBuildFile; fileRef = 957FF7602C3DF888002CEEB3 /* MainTabView.swift */; };
		957FF7642C3DFB99002CEEB3 /* ComposableArchitecture in Frameworks */ = {isa = PBXBuildFile; productRef = 957FF7632C3DFB99002CEEB3 /* ComposableArchitecture */; };
		957FF7672C3DFC50002CEEB3 /* FirebaseAnalytics in Frameworks */ = {isa = PBXBuildFile; productRef = 957FF7662C3DFC50002CEEB3 /* FirebaseAnalytics */; };
		957FF7692C3DFC50002CEEB3 /* FirebaseAnalyticsOnDeviceConversion in Frameworks */ = {isa = PBXBuildFile; productRef = 957FF7682C3DFC50002CEEB3 /* FirebaseAnalyticsOnDeviceConversion */; };
		957FF76B2C3DFC50002CEEB3 /* FirebaseAnalyticsSwift in Frameworks */ = {isa = PBXBuildFile; productRef = 957FF76A2C3DFC50002CEEB3 /* FirebaseAnalyticsSwift */; };
		957FF76D2C3DFC50002CEEB3 /* FirebaseAnalyticsWithoutAdIdSupport in Frameworks */ = {isa = PBXBuildFile; productRef = 957FF76C2C3DFC50002CEEB3 /* FirebaseAnalyticsWithoutAdIdSupport */; };
		957FF76F2C3DFC50002CEEB3 /* FirebaseAppCheck in Frameworks */ = {isa = PBXBuildFile; productRef = 957FF76E2C3DFC50002CEEB3 /* FirebaseAppCheck */; };
		957FF7712C3DFC50002CEEB3 /* FirebaseAppDistribution-Beta in Frameworks */ = {isa = PBXBuildFile; productRef = 957FF7702C3DFC50002CEEB3 /* FirebaseAppDistribution-Beta */; };
		957FF7732C3DFC50002CEEB3 /* FirebaseAuth in Frameworks */ = {isa = PBXBuildFile; productRef = 957FF7722C3DFC50002CEEB3 /* FirebaseAuth */; };
		957FF7752C3DFC50002CEEB3 /* FirebaseAuthCombine-Community in Frameworks */ = {isa = PBXBuildFile; productRef = 957FF7742C3DFC50002CEEB3 /* FirebaseAuthCombine-Community */; };
		957FF7772C3DFC50002CEEB3 /* FirebaseCrashlytics in Frameworks */ = {isa = PBXBuildFile; productRef = 957FF7762C3DFC50002CEEB3 /* FirebaseCrashlytics */; };
		957FF7792C3DFC50002CEEB3 /* FirebaseDatabase in Frameworks */ = {isa = PBXBuildFile; productRef = 957FF7782C3DFC50002CEEB3 /* FirebaseDatabase */; };
		957FF77B2C3DFC50002CEEB3 /* FirebaseDatabaseSwift in Frameworks */ = {isa = PBXBuildFile; productRef = 957FF77A2C3DFC50002CEEB3 /* FirebaseDatabaseSwift */; };
		957FF77D2C3DFC50002CEEB3 /* FirebaseDynamicLinks in Frameworks */ = {isa = PBXBuildFile; productRef = 957FF77C2C3DFC50002CEEB3 /* FirebaseDynamicLinks */; };
		957FF77F2C3DFC50002CEEB3 /* FirebaseFirestore in Frameworks */ = {isa = PBXBuildFile; productRef = 957FF77E2C3DFC50002CEEB3 /* FirebaseFirestore */; };
		957FF7812C3DFC50002CEEB3 /* FirebaseFirestoreCombine-Community in Frameworks */ = {isa = PBXBuildFile; productRef = 957FF7802C3DFC50002CEEB3 /* FirebaseFirestoreCombine-Community */; };
		957FF7832C3DFC50002CEEB3 /* FirebaseFirestoreSwift in Frameworks */ = {isa = PBXBuildFile; productRef = 957FF7822C3DFC50002CEEB3 /* FirebaseFirestoreSwift */; };
		957FF7852C3DFC50002CEEB3 /* FirebaseFunctions in Frameworks */ = {isa = PBXBuildFile; productRef = 957FF7842C3DFC50002CEEB3 /* FirebaseFunctions */; };
		957FF7872C3DFC50002CEEB3 /* FirebaseFunctionsCombine-Community in Frameworks */ = {isa = PBXBuildFile; productRef = 957FF7862C3DFC50002CEEB3 /* FirebaseFunctionsCombine-Community */; };
		957FF7892C3DFC50002CEEB3 /* FirebaseInAppMessaging-Beta in Frameworks */ = {isa = PBXBuildFile; productRef = 957FF7882C3DFC50002CEEB3 /* FirebaseInAppMessaging-Beta */; };
		957FF78B2C3DFC50002CEEB3 /* FirebaseInAppMessagingSwift-Beta in Frameworks */ = {isa = PBXBuildFile; productRef = 957FF78A2C3DFC50002CEEB3 /* FirebaseInAppMessagingSwift-Beta */; };
		957FF78D2C3DFC50002CEEB3 /* FirebaseInstallations in Frameworks */ = {isa = PBXBuildFile; productRef = 957FF78C2C3DFC50002CEEB3 /* FirebaseInstallations */; };
		957FF78F2C3DFC50002CEEB3 /* FirebaseMLModelDownloader in Frameworks */ = {isa = PBXBuildFile; productRef = 957FF78E2C3DFC50002CEEB3 /* FirebaseMLModelDownloader */; };
		957FF7912C3DFC50002CEEB3 /* FirebaseMessaging in Frameworks */ = {isa = PBXBuildFile; productRef = 957FF7902C3DFC50002CEEB3 /* FirebaseMessaging */; };
		957FF7932C3DFC50002CEEB3 /* FirebasePerformance in Frameworks */ = {isa = PBXBuildFile; productRef = 957FF7922C3DFC50002CEEB3 /* FirebasePerformance */; };
		957FF7952C3DFC50002CEEB3 /* FirebaseRemoteConfig in Frameworks */ = {isa = PBXBuildFile; productRef = 957FF7942C3DFC50002CEEB3 /* FirebaseRemoteConfig */; };
		957FF7972C3DFC50002CEEB3 /* FirebaseRemoteConfigSwift in Frameworks */ = {isa = PBXBuildFile; productRef = 957FF7962C3DFC50002CEEB3 /* FirebaseRemoteConfigSwift */; };
		957FF7992C3DFC50002CEEB3 /* FirebaseStorage in Frameworks */ = {isa = PBXBuildFile; productRef = 957FF7982C3DFC50002CEEB3 /* FirebaseStorage */; };
		957FF79B2C3DFC50002CEEB3 /* FirebaseStorageCombine-Community in Frameworks */ = {isa = PBXBuildFile; productRef = 957FF79A2C3DFC50002CEEB3 /* FirebaseStorageCombine-Community */; };
		957FF79D2C3DFC50002CEEB3 /* FirebaseVertexAI-Preview in Frameworks */ = {isa = PBXBuildFile; productRef = 957FF79C2C3DFC50002CEEB3 /* FirebaseVertexAI-Preview */; };
		957FF7A02C3DFCA2002CEEB3 /* CardStack in Frameworks */ = {isa = PBXBuildFile; productRef = 957FF79F2C3DFCA2002CEEB3 /* CardStack */; };
		95E24CC22C6D6DCF0004AC2D /* Double+Extension.swift in Sources */ = {isa = PBXBuildFile; fileRef = 95E24CC12C6D6DCF0004AC2D /* Double+Extension.swift */; };
		95E24CC42C6D6F6A0004AC2D /* GoogleService-Info.plist in Resources */ = {isa = PBXBuildFile; fileRef = 95E24CC32C6D6F6A0004AC2D /* GoogleService-Info.plist */; };
		95E24CC62C6D6FC70004AC2D /* LoginView.swift in Sources */ = {isa = PBXBuildFile; fileRef = 95E24CC52C6D6FC70004AC2D /* LoginView.swift */; };
		95FD51312C6D727000AC5E1D /* TextViewModifier.swift in Sources */ = {isa = PBXBuildFile; fileRef = 95FD51302C6D727000AC5E1D /* TextViewModifier.swift */; };
		95FD51332C6D735300AC5E1D /* View+Extension.swift in Sources */ = {isa = PBXBuildFile; fileRef = 95FD51322C6D735300AC5E1D /* View+Extension.swift */; };
		95FD51352C6D73E800AC5E1D /* StandardButtonStyle.swift in Sources */ = {isa = PBXBuildFile; fileRef = 95FD51342C6D73E800AC5E1D /* StandardButtonStyle.swift */; };
		95FD51372C6D75F600AC5E1D /* LoginFeature.swift in Sources */ = {isa = PBXBuildFile; fileRef = 95FD51362C6D75F600AC5E1D /* LoginFeature.swift */; };
		95FD51392C6D7BBB00AC5E1D /* RegisterFeature.swift in Sources */ = {isa = PBXBuildFile; fileRef = 95FD51382C6D7BBB00AC5E1D /* RegisterFeature.swift */; };
		95FD513B2C6D7DB800AC5E1D /* RegisterView.swift in Sources */ = {isa = PBXBuildFile; fileRef = 95FD513A2C6D7DB800AC5E1D /* RegisterView.swift */; };
		95FD51402C6E36B300AC5E1D /* FirebaseAuthClient.swift in Sources */ = {isa = PBXBuildFile; fileRef = 95FD513F2C6E36B300AC5E1D /* FirebaseAuthClient.swift */; };
/* End PBXBuildFile section */

/* Begin PBXContainerItemProxy section */
		957FF73E2C3DF5CE002CEEB3 /* PBXContainerItemProxy */ = {
			isa = PBXContainerItemProxy;
			containerPortal = 957FF71F2C3DF5CD002CEEB3 /* Project object */;
			proxyType = 1;
			remoteGlobalIDString = 957FF7262C3DF5CD002CEEB3;
			remoteInfo = MovifyV2;
		};
		957FF7482C3DF5CE002CEEB3 /* PBXContainerItemProxy */ = {
			isa = PBXContainerItemProxy;
			containerPortal = 957FF71F2C3DF5CD002CEEB3 /* Project object */;
			proxyType = 1;
			remoteGlobalIDString = 957FF7262C3DF5CD002CEEB3;
			remoteInfo = MovifyV2;
		};
/* End PBXContainerItemProxy section */

/* Begin PBXFileReference section */
		951C67512C4489A2000FA00F /* MoodListView.swift */ = {isa = PBXFileReference; lastKnownFileType = sourcecode.swift; path = MoodListView.swift; sourceTree = "<group>"; };
		951C67532C448B32000FA00F /* Mood.swift */ = {isa = PBXFileReference; lastKnownFileType = sourcecode.swift; path = Mood.swift; sourceTree = "<group>"; };
		951C67552C448DEE000FA00F /* MoodToMovieView.swift */ = {isa = PBXFileReference; lastKnownFileType = sourcecode.swift; path = MoodToMovieView.swift; sourceTree = "<group>"; };
		951C67572C448FB1000FA00F /* MoodToMovieFeature.swift */ = {isa = PBXFileReference; lastKnownFileType = sourcecode.swift; path = MoodToMovieFeature.swift; sourceTree = "<group>"; };
		951C675F2C44935E000FA00F /* TabViewFeature.swift */ = {isa = PBXFileReference; lastKnownFileType = sourcecode.swift; path = TabViewFeature.swift; sourceTree = "<group>"; };
		951C67612C449B88000FA00F /* Localizable.xcstrings */ = {isa = PBXFileReference; lastKnownFileType = text.json.xcstrings; path = Localizable.xcstrings; sourceTree = "<group>"; };
		9538A7FB2C780C4B00F61858 /* SwippablesView.swift */ = {isa = PBXFileReference; lastKnownFileType = sourcecode.swift; path = SwippablesView.swift; sourceTree = "<group>"; };
		9538A7FD2C78118E00F61858 /* CardView.swift */ = {isa = PBXFileReference; lastKnownFileType = sourcecode.swift; path = CardView.swift; sourceTree = "<group>"; };
		957FF7272C3DF5CD002CEEB3 /* MovifyV2.app */ = {isa = PBXFileReference; explicitFileType = wrapper.application; includeInIndex = 0; path = MovifyV2.app; sourceTree = BUILT_PRODUCTS_DIR; };
		957FF72A2C3DF5CD002CEEB3 /* AppDelegate.swift */ = {isa = PBXFileReference; lastKnownFileType = sourcecode.swift; path = AppDelegate.swift; sourceTree = "<group>"; };
		957FF72C2C3DF5CD002CEEB3 /* SceneDelegate.swift */ = {isa = PBXFileReference; lastKnownFileType = sourcecode.swift; path = SceneDelegate.swift; sourceTree = "<group>"; };
		957FF7332C3DF5CE002CEEB3 /* Assets.xcassets */ = {isa = PBXFileReference; lastKnownFileType = folder.assetcatalog; path = Assets.xcassets; sourceTree = "<group>"; };
		957FF7362C3DF5CE002CEEB3 /* Base */ = {isa = PBXFileReference; lastKnownFileType = file.storyboard; name = Base; path = Base.lproj/LaunchScreen.storyboard; sourceTree = "<group>"; };
		957FF7382C3DF5CE002CEEB3 /* Info.plist */ = {isa = PBXFileReference; lastKnownFileType = text.plist.xml; path = Info.plist; sourceTree = "<group>"; };
		957FF73D2C3DF5CE002CEEB3 /* MovifyV2Tests.xctest */ = {isa = PBXFileReference; explicitFileType = wrapper.cfbundle; includeInIndex = 0; path = MovifyV2Tests.xctest; sourceTree = BUILT_PRODUCTS_DIR; };
		957FF7412C3DF5CE002CEEB3 /* MovifyV2Tests.swift */ = {isa = PBXFileReference; lastKnownFileType = sourcecode.swift; path = MovifyV2Tests.swift; sourceTree = "<group>"; };
		957FF7472C3DF5CE002CEEB3 /* MovifyV2UITests.xctest */ = {isa = PBXFileReference; explicitFileType = wrapper.cfbundle; includeInIndex = 0; path = MovifyV2UITests.xctest; sourceTree = BUILT_PRODUCTS_DIR; };
		957FF74B2C3DF5CE002CEEB3 /* MovifyV2UITests.swift */ = {isa = PBXFileReference; lastKnownFileType = sourcecode.swift; path = MovifyV2UITests.swift; sourceTree = "<group>"; };
		957FF74D2C3DF5CE002CEEB3 /* MovifyV2UITestsLaunchTests.swift */ = {isa = PBXFileReference; lastKnownFileType = sourcecode.swift; path = MovifyV2UITestsLaunchTests.swift; sourceTree = "<group>"; };
		957FF75C2C3DF848002CEEB3 /* TabBarItem.swift */ = {isa = PBXFileReference; lastKnownFileType = sourcecode.swift; path = TabBarItem.swift; sourceTree = "<group>"; };
		957FF75E2C3DF860002CEEB3 /* TabBarView.swift */ = {isa = PBXFileReference; lastKnownFileType = sourcecode.swift; path = TabBarView.swift; sourceTree = "<group>"; };
		957FF7602C3DF888002CEEB3 /* MainTabView.swift */ = {isa = PBXFileReference; lastKnownFileType = sourcecode.swift; path = MainTabView.swift; sourceTree = "<group>"; };
		95E24CC12C6D6DCF0004AC2D /* Double+Extension.swift */ = {isa = PBXFileReference; lastKnownFileType = sourcecode.swift; path = "Double+Extension.swift"; sourceTree = "<group>"; };
		95E24CC32C6D6F6A0004AC2D /* GoogleService-Info.plist */ = {isa = PBXFileReference; fileEncoding = 4; lastKnownFileType = text.plist.xml; path = "GoogleService-Info.plist"; sourceTree = "<group>"; };
		95E24CC52C6D6FC70004AC2D /* LoginView.swift */ = {isa = PBXFileReference; lastKnownFileType = sourcecode.swift; path = LoginView.swift; sourceTree = "<group>"; };
		95FD51302C6D727000AC5E1D /* TextViewModifier.swift */ = {isa = PBXFileReference; lastKnownFileType = sourcecode.swift; path = TextViewModifier.swift; sourceTree = "<group>"; };
		95FD51322C6D735300AC5E1D /* View+Extension.swift */ = {isa = PBXFileReference; lastKnownFileType = sourcecode.swift; path = "View+Extension.swift"; sourceTree = "<group>"; };
		95FD51342C6D73E800AC5E1D /* StandardButtonStyle.swift */ = {isa = PBXFileReference; lastKnownFileType = sourcecode.swift; path = StandardButtonStyle.swift; sourceTree = "<group>"; };
		95FD51362C6D75F600AC5E1D /* LoginFeature.swift */ = {isa = PBXFileReference; lastKnownFileType = sourcecode.swift; path = LoginFeature.swift; sourceTree = "<group>"; };
		95FD51382C6D7BBB00AC5E1D /* RegisterFeature.swift */ = {isa = PBXFileReference; lastKnownFileType = sourcecode.swift; path = RegisterFeature.swift; sourceTree = "<group>"; };
		95FD513A2C6D7DB800AC5E1D /* RegisterView.swift */ = {isa = PBXFileReference; lastKnownFileType = sourcecode.swift; path = RegisterView.swift; sourceTree = "<group>"; };
		95FD513F2C6E36B300AC5E1D /* FirebaseAuthClient.swift */ = {isa = PBXFileReference; lastKnownFileType = sourcecode.swift; path = FirebaseAuthClient.swift; sourceTree = "<group>"; };
/* End PBXFileReference section */

/* Begin PBXFrameworksBuildPhase section */
		957FF7242C3DF5CD002CEEB3 /* Frameworks */ = {
			isa = PBXFrameworksBuildPhase;
			buildActionMask = 2147483647;
			files = (
				957FF7852C3DFC50002CEEB3 /* FirebaseFunctions in Frameworks */,
				957FF77B2C3DFC50002CEEB3 /* FirebaseDatabaseSwift in Frameworks */,
				957FF79D2C3DFC50002CEEB3 /* FirebaseVertexAI-Preview in Frameworks */,
				957FF78B2C3DFC50002CEEB3 /* FirebaseInAppMessagingSwift-Beta in Frameworks */,
				957FF7912C3DFC50002CEEB3 /* FirebaseMessaging in Frameworks */,
				957FF7712C3DFC50002CEEB3 /* FirebaseAppDistribution-Beta in Frameworks */,
				957FF7752C3DFC50002CEEB3 /* FirebaseAuthCombine-Community in Frameworks */,
				957FF7812C3DFC50002CEEB3 /* FirebaseFirestoreCombine-Community in Frameworks */,
				957FF76B2C3DFC50002CEEB3 /* FirebaseAnalyticsSwift in Frameworks */,
				957FF78F2C3DFC50002CEEB3 /* FirebaseMLModelDownloader in Frameworks */,
				957FF76D2C3DFC50002CEEB3 /* FirebaseAnalyticsWithoutAdIdSupport in Frameworks */,
				957FF7672C3DFC50002CEEB3 /* FirebaseAnalytics in Frameworks */,
				957FF7832C3DFC50002CEEB3 /* FirebaseFirestoreSwift in Frameworks */,
				957FF7692C3DFC50002CEEB3 /* FirebaseAnalyticsOnDeviceConversion in Frameworks */,
				957FF76F2C3DFC50002CEEB3 /* FirebaseAppCheck in Frameworks */,
				957FF7932C3DFC50002CEEB3 /* FirebasePerformance in Frameworks */,
				957FF7892C3DFC50002CEEB3 /* FirebaseInAppMessaging-Beta in Frameworks */,
				957FF7872C3DFC50002CEEB3 /* FirebaseFunctionsCombine-Community in Frameworks */,
				957FF7772C3DFC50002CEEB3 /* FirebaseCrashlytics in Frameworks */,
				957FF78D2C3DFC50002CEEB3 /* FirebaseInstallations in Frameworks */,
				957FF7952C3DFC50002CEEB3 /* FirebaseRemoteConfig in Frameworks */,
				957FF7992C3DFC50002CEEB3 /* FirebaseStorage in Frameworks */,
				957FF7792C3DFC50002CEEB3 /* FirebaseDatabase in Frameworks */,
				957FF7A02C3DFCA2002CEEB3 /* CardStack in Frameworks */,
				957FF79B2C3DFC50002CEEB3 /* FirebaseStorageCombine-Community in Frameworks */,
				957FF7642C3DFB99002CEEB3 /* ComposableArchitecture in Frameworks */,
				957FF7732C3DFC50002CEEB3 /* FirebaseAuth in Frameworks */,
				957FF77D2C3DFC50002CEEB3 /* FirebaseDynamicLinks in Frameworks */,
				957FF77F2C3DFC50002CEEB3 /* FirebaseFirestore in Frameworks */,
				957FF7972C3DFC50002CEEB3 /* FirebaseRemoteConfigSwift in Frameworks */,
			);
			runOnlyForDeploymentPostprocessing = 0;
		};
		957FF73A2C3DF5CE002CEEB3 /* Frameworks */ = {
			isa = PBXFrameworksBuildPhase;
			buildActionMask = 2147483647;
			files = (
			);
			runOnlyForDeploymentPostprocessing = 0;
		};
		957FF7442C3DF5CE002CEEB3 /* Frameworks */ = {
			isa = PBXFrameworksBuildPhase;
			buildActionMask = 2147483647;
			files = (
			);
			runOnlyForDeploymentPostprocessing = 0;
		};
/* End PBXFrameworksBuildPhase section */

/* Begin PBXGroup section */
		951C67592C449299000FA00F /* Presentation */ = {
			isa = PBXGroup;
			children = (
				95FD513C2C6E368300AC5E1D /* Auth */,
				951C675C2C4492D9000FA00F /* TabBar */,
				951C675A2C4492A8000FA00F /* MoodToMovieView */,
				9538A7FB2C780C4B00F61858 /* SwippablesView.swift */,
				9538A7FD2C78118E00F61858 /* CardView.swift */,
			);
			path = Presentation;
			sourceTree = "<group>";
		};
		951C675A2C4492A8000FA00F /* MoodToMovieView */ = {
			isa = PBXGroup;
			children = (
				951C67512C4489A2000FA00F /* MoodListView.swift */,
				951C67572C448FB1000FA00F /* MoodToMovieFeature.swift */,
				951C67552C448DEE000FA00F /* MoodToMovieView.swift */,
			);
			path = MoodToMovieView;
			sourceTree = "<group>";
		};
		951C675B2C4492C2000FA00F /* App */ = {
			isa = PBXGroup;
			children = (
				957FF72A2C3DF5CD002CEEB3 /* AppDelegate.swift */,
				957FF72C2C3DF5CD002CEEB3 /* SceneDelegate.swift */,
			);
			path = App;
			sourceTree = "<group>";
		};
		951C675C2C4492D9000FA00F /* TabBar */ = {
			isa = PBXGroup;
			children = (
				957FF75C2C3DF848002CEEB3 /* TabBarItem.swift */,
				957FF75E2C3DF860002CEEB3 /* TabBarView.swift */,
				957FF7602C3DF888002CEEB3 /* MainTabView.swift */,
				951C675F2C44935E000FA00F /* TabViewFeature.swift */,
			);
			path = TabBar;
			sourceTree = "<group>";
		};
		951C675D2C4492F6000FA00F /* Core */ = {
			isa = PBXGroup;
			children = (
				95FD51422C6E385B00AC5E1D /* ViewModifiers */,
				95FD51412C6E384F00AC5E1D /* Dependency */,
				95E24CC02C6D6D820004AC2D /* Extensions */,
				951C675E2C4492FD000FA00F /* Models */,
			);
			path = Core;
			sourceTree = "<group>";
		};
		951C675E2C4492FD000FA00F /* Models */ = {
			isa = PBXGroup;
			children = (
				951C67532C448B32000FA00F /* Mood.swift */,
			);
			path = Models;
			sourceTree = "<group>";
		};
		957FF71E2C3DF5CD002CEEB3 = {
			isa = PBXGroup;
			children = (
				957FF7292C3DF5CD002CEEB3 /* MovifyV2 */,
				957FF7402C3DF5CE002CEEB3 /* MovifyV2Tests */,
				957FF74A2C3DF5CE002CEEB3 /* MovifyV2UITests */,
				957FF7282C3DF5CD002CEEB3 /* Products */,
			);
			sourceTree = "<group>";
		};
		957FF7282C3DF5CD002CEEB3 /* Products */ = {
			isa = PBXGroup;
			children = (
				957FF7272C3DF5CD002CEEB3 /* MovifyV2.app */,
				957FF73D2C3DF5CE002CEEB3 /* MovifyV2Tests.xctest */,
				957FF7472C3DF5CE002CEEB3 /* MovifyV2UITests.xctest */,
			);
			name = Products;
			sourceTree = "<group>";
		};
		957FF7292C3DF5CD002CEEB3 /* MovifyV2 */ = {
			isa = PBXGroup;
			children = (
				95E24CC32C6D6F6A0004AC2D /* GoogleService-Info.plist */,
				957FF7332C3DF5CE002CEEB3 /* Assets.xcassets */,
				957FF7352C3DF5CE002CEEB3 /* LaunchScreen.storyboard */,
				957FF7382C3DF5CE002CEEB3 /* Info.plist */,
				951C675B2C4492C2000FA00F /* App */,
				951C675D2C4492F6000FA00F /* Core */,
				951C67592C449299000FA00F /* Presentation */,
				951C67612C449B88000FA00F /* Localizable.xcstrings */,
			);
			path = MovifyV2;
			sourceTree = "<group>";
		};
		957FF7402C3DF5CE002CEEB3 /* MovifyV2Tests */ = {
			isa = PBXGroup;
			children = (
				957FF7412C3DF5CE002CEEB3 /* MovifyV2Tests.swift */,
			);
			path = MovifyV2Tests;
			sourceTree = "<group>";
		};
		957FF74A2C3DF5CE002CEEB3 /* MovifyV2UITests */ = {
			isa = PBXGroup;
			children = (
				957FF74B2C3DF5CE002CEEB3 /* MovifyV2UITests.swift */,
				957FF74D2C3DF5CE002CEEB3 /* MovifyV2UITestsLaunchTests.swift */,
			);
			path = MovifyV2UITests;
			sourceTree = "<group>";
		};
		95E24CC02C6D6D820004AC2D /* Extensions */ = {
			isa = PBXGroup;
			children = (
				95E24CC12C6D6DCF0004AC2D /* Double+Extension.swift */,
				95FD51322C6D735300AC5E1D /* View+Extension.swift */,
			);
			path = Extensions;
			sourceTree = "<group>";
		};
		95FD513C2C6E368300AC5E1D /* Auth */ = {
			isa = PBXGroup;
			children = (
				95FD513D2C6E368B00AC5E1D /* Login */,
				95FD513E2C6E368F00AC5E1D /* Register */,
			);
			path = Auth;
			sourceTree = "<group>";
		};
		95FD513D2C6E368B00AC5E1D /* Login */ = {
			isa = PBXGroup;
			children = (
				95E24CC52C6D6FC70004AC2D /* LoginView.swift */,
				95FD51362C6D75F600AC5E1D /* LoginFeature.swift */,
			);
			path = Login;
			sourceTree = "<group>";
		};
		95FD513E2C6E368F00AC5E1D /* Register */ = {
			isa = PBXGroup;
			children = (
				95FD51382C6D7BBB00AC5E1D /* RegisterFeature.swift */,
				95FD513A2C6D7DB800AC5E1D /* RegisterView.swift */,
			);
			path = Register;
			sourceTree = "<group>";
		};
		95FD51412C6E384F00AC5E1D /* Dependency */ = {
			isa = PBXGroup;
			children = (
				95FD513F2C6E36B300AC5E1D /* FirebaseAuthClient.swift */,
			);
			path = Dependency;
			sourceTree = "<group>";
		};
		95FD51422C6E385B00AC5E1D /* ViewModifiers */ = {
			isa = PBXGroup;
			children = (
				95FD51302C6D727000AC5E1D /* TextViewModifier.swift */,
				95FD51342C6D73E800AC5E1D /* StandardButtonStyle.swift */,
			);
			path = ViewModifiers;
			sourceTree = "<group>";
		};
/* End PBXGroup section */

/* Begin PBXNativeTarget section */
		957FF7262C3DF5CD002CEEB3 /* MovifyV2 */ = {
			isa = PBXNativeTarget;
			buildConfigurationList = 957FF7512C3DF5CE002CEEB3 /* Build configuration list for PBXNativeTarget "MovifyV2" */;
			buildPhases = (
				957FF7232C3DF5CD002CEEB3 /* Sources */,
				957FF7242C3DF5CD002CEEB3 /* Frameworks */,
				957FF7252C3DF5CD002CEEB3 /* Resources */,
			);
			buildRules = (
			);
			dependencies = (
			);
			name = MovifyV2;
			packageProductDependencies = (
				957FF7632C3DFB99002CEEB3 /* ComposableArchitecture */,
				957FF7662C3DFC50002CEEB3 /* FirebaseAnalytics */,
				957FF7682C3DFC50002CEEB3 /* FirebaseAnalyticsOnDeviceConversion */,
				957FF76A2C3DFC50002CEEB3 /* FirebaseAnalyticsSwift */,
				957FF76C2C3DFC50002CEEB3 /* FirebaseAnalyticsWithoutAdIdSupport */,
				957FF76E2C3DFC50002CEEB3 /* FirebaseAppCheck */,
				957FF7702C3DFC50002CEEB3 /* FirebaseAppDistribution-Beta */,
				957FF7722C3DFC50002CEEB3 /* FirebaseAuth */,
				957FF7742C3DFC50002CEEB3 /* FirebaseAuthCombine-Community */,
				957FF7762C3DFC50002CEEB3 /* FirebaseCrashlytics */,
				957FF7782C3DFC50002CEEB3 /* FirebaseDatabase */,
				957FF77A2C3DFC50002CEEB3 /* FirebaseDatabaseSwift */,
				957FF77C2C3DFC50002CEEB3 /* FirebaseDynamicLinks */,
				957FF77E2C3DFC50002CEEB3 /* FirebaseFirestore */,
				957FF7802C3DFC50002CEEB3 /* FirebaseFirestoreCombine-Community */,
				957FF7822C3DFC50002CEEB3 /* FirebaseFirestoreSwift */,
				957FF7842C3DFC50002CEEB3 /* FirebaseFunctions */,
				957FF7862C3DFC50002CEEB3 /* FirebaseFunctionsCombine-Community */,
				957FF7882C3DFC50002CEEB3 /* FirebaseInAppMessaging-Beta */,
				957FF78A2C3DFC50002CEEB3 /* FirebaseInAppMessagingSwift-Beta */,
				957FF78C2C3DFC50002CEEB3 /* FirebaseInstallations */,
				957FF78E2C3DFC50002CEEB3 /* FirebaseMLModelDownloader */,
				957FF7902C3DFC50002CEEB3 /* FirebaseMessaging */,
				957FF7922C3DFC50002CEEB3 /* FirebasePerformance */,
				957FF7942C3DFC50002CEEB3 /* FirebaseRemoteConfig */,
				957FF7962C3DFC50002CEEB3 /* FirebaseRemoteConfigSwift */,
				957FF7982C3DFC50002CEEB3 /* FirebaseStorage */,
				957FF79A2C3DFC50002CEEB3 /* FirebaseStorageCombine-Community */,
				957FF79C2C3DFC50002CEEB3 /* FirebaseVertexAI-Preview */,
				957FF79F2C3DFCA2002CEEB3 /* CardStack */,
			);
			productName = MovifyV2;
			productReference = 957FF7272C3DF5CD002CEEB3 /* MovifyV2.app */;
			productType = "com.apple.product-type.application";
		};
		957FF73C2C3DF5CE002CEEB3 /* MovifyV2Tests */ = {
			isa = PBXNativeTarget;
			buildConfigurationList = 957FF7542C3DF5CE002CEEB3 /* Build configuration list for PBXNativeTarget "MovifyV2Tests" */;
			buildPhases = (
				957FF7392C3DF5CE002CEEB3 /* Sources */,
				957FF73A2C3DF5CE002CEEB3 /* Frameworks */,
				957FF73B2C3DF5CE002CEEB3 /* Resources */,
			);
			buildRules = (
			);
			dependencies = (
				957FF73F2C3DF5CE002CEEB3 /* PBXTargetDependency */,
			);
			name = MovifyV2Tests;
			productName = MovifyV2Tests;
			productReference = 957FF73D2C3DF5CE002CEEB3 /* MovifyV2Tests.xctest */;
			productType = "com.apple.product-type.bundle.unit-test";
		};
		957FF7462C3DF5CE002CEEB3 /* MovifyV2UITests */ = {
			isa = PBXNativeTarget;
			buildConfigurationList = 957FF7572C3DF5CE002CEEB3 /* Build configuration list for PBXNativeTarget "MovifyV2UITests" */;
			buildPhases = (
				957FF7432C3DF5CE002CEEB3 /* Sources */,
				957FF7442C3DF5CE002CEEB3 /* Frameworks */,
				957FF7452C3DF5CE002CEEB3 /* Resources */,
			);
			buildRules = (
			);
			dependencies = (
				957FF7492C3DF5CE002CEEB3 /* PBXTargetDependency */,
			);
			name = MovifyV2UITests;
			productName = MovifyV2UITests;
			productReference = 957FF7472C3DF5CE002CEEB3 /* MovifyV2UITests.xctest */;
			productType = "com.apple.product-type.bundle.ui-testing";
		};
/* End PBXNativeTarget section */

/* Begin PBXProject section */
		957FF71F2C3DF5CD002CEEB3 /* Project object */ = {
			isa = PBXProject;
			attributes = {
				BuildIndependentTargetsInParallel = 1;
				LastSwiftUpdateCheck = 1540;
				LastUpgradeCheck = 1540;
				TargetAttributes = {
					957FF7262C3DF5CD002CEEB3 = {
						CreatedOnToolsVersion = 15.4;
					};
					957FF73C2C3DF5CE002CEEB3 = {
						CreatedOnToolsVersion = 15.4;
						TestTargetID = 957FF7262C3DF5CD002CEEB3;
					};
					957FF7462C3DF5CE002CEEB3 = {
						CreatedOnToolsVersion = 15.4;
						TestTargetID = 957FF7262C3DF5CD002CEEB3;
					};
				};
			};
			buildConfigurationList = 957FF7222C3DF5CD002CEEB3 /* Build configuration list for PBXProject "MovifyV2" */;
			compatibilityVersion = "Xcode 14.0";
			developmentRegion = en;
			hasScannedForEncodings = 0;
			knownRegions = (
				en,
				Base,
				uk,
			);
			mainGroup = 957FF71E2C3DF5CD002CEEB3;
			packageReferences = (
				957FF7622C3DFB99002CEEB3 /* XCRemoteSwiftPackageReference "swift-composable-architecture" */,
				957FF7652C3DFC50002CEEB3 /* XCRemoteSwiftPackageReference "firebase-ios-sdk" */,
				957FF79E2C3DFCA2002CEEB3 /* XCRemoteSwiftPackageReference "SwiftUI-CardStackView" */,
			);
			productRefGroup = 957FF7282C3DF5CD002CEEB3 /* Products */;
			projectDirPath = "";
			projectRoot = "";
			targets = (
				957FF7262C3DF5CD002CEEB3 /* MovifyV2 */,
				957FF73C2C3DF5CE002CEEB3 /* MovifyV2Tests */,
				957FF7462C3DF5CE002CEEB3 /* MovifyV2UITests */,
			);
		};
/* End PBXProject section */

/* Begin PBXResourcesBuildPhase section */
		957FF7252C3DF5CD002CEEB3 /* Resources */ = {
			isa = PBXResourcesBuildPhase;
			buildActionMask = 2147483647;
			files = (
				957FF7342C3DF5CE002CEEB3 /* Assets.xcassets in Resources */,
				957FF7372C3DF5CE002CEEB3 /* Base in Resources */,
				95E24CC42C6D6F6A0004AC2D /* GoogleService-Info.plist in Resources */,
				951C67622C449B88000FA00F /* Localizable.xcstrings in Resources */,
			);
			runOnlyForDeploymentPostprocessing = 0;
		};
		957FF73B2C3DF5CE002CEEB3 /* Resources */ = {
			isa = PBXResourcesBuildPhase;
			buildActionMask = 2147483647;
			files = (
			);
			runOnlyForDeploymentPostprocessing = 0;
		};
		957FF7452C3DF5CE002CEEB3 /* Resources */ = {
			isa = PBXResourcesBuildPhase;
			buildActionMask = 2147483647;
			files = (
			);
			runOnlyForDeploymentPostprocessing = 0;
		};
/* End PBXResourcesBuildPhase section */

/* Begin PBXSourcesBuildPhase section */
		957FF7232C3DF5CD002CEEB3 /* Sources */ = {
			isa = PBXSourcesBuildPhase;
			buildActionMask = 2147483647;
			files = (
				957FF72B2C3DF5CD002CEEB3 /* AppDelegate.swift in Sources */,
				95FD51402C6E36B300AC5E1D /* FirebaseAuthClient.swift in Sources */,
				951C67522C4489A2000FA00F /* MoodListView.swift in Sources */,
				95FD51372C6D75F600AC5E1D /* LoginFeature.swift in Sources */,
				957FF75D2C3DF848002CEEB3 /* TabBarItem.swift in Sources */,
				95FD51352C6D73E800AC5E1D /* StandardButtonStyle.swift in Sources */,
				951C67602C44935E000FA00F /* TabViewFeature.swift in Sources */,
				9538A7FE2C78118E00F61858 /* CardView.swift in Sources */,
				951C67582C448FB1000FA00F /* MoodToMovieFeature.swift in Sources */,
				95FD51312C6D727000AC5E1D /* TextViewModifier.swift in Sources */,
				95FD51392C6D7BBB00AC5E1D /* RegisterFeature.swift in Sources */,
				95FD513B2C6D7DB800AC5E1D /* RegisterView.swift in Sources */,
				95E24CC22C6D6DCF0004AC2D /* Double+Extension.swift in Sources */,
				95E24CC62C6D6FC70004AC2D /* LoginView.swift in Sources */,
				951C67542C448B32000FA00F /* Mood.swift in Sources */,
				957FF75F2C3DF860002CEEB3 /* TabBarView.swift in Sources */,
				951C67562C448DEE000FA00F /* MoodToMovieView.swift in Sources */,
				9538A7FC2C780C4B00F61858 /* SwippablesView.swift in Sources */,
				957FF72D2C3DF5CD002CEEB3 /* SceneDelegate.swift in Sources */,
				95FD51332C6D735300AC5E1D /* View+Extension.swift in Sources */,
				957FF7612C3DF888002CEEB3 /* MainTabView.swift in Sources */,
			);
			runOnlyForDeploymentPostprocessing = 0;
		};
		957FF7392C3DF5CE002CEEB3 /* Sources */ = {
			isa = PBXSourcesBuildPhase;
			buildActionMask = 2147483647;
			files = (
				957FF7422C3DF5CE002CEEB3 /* MovifyV2Tests.swift in Sources */,
			);
			runOnlyForDeploymentPostprocessing = 0;
		};
		957FF7432C3DF5CE002CEEB3 /* Sources */ = {
			isa = PBXSourcesBuildPhase;
			buildActionMask = 2147483647;
			files = (
				957FF74E2C3DF5CE002CEEB3 /* MovifyV2UITestsLaunchTests.swift in Sources */,
				957FF74C2C3DF5CE002CEEB3 /* MovifyV2UITests.swift in Sources */,
			);
			runOnlyForDeploymentPostprocessing = 0;
		};
/* End PBXSourcesBuildPhase section */

/* Begin PBXTargetDependency section */
		957FF73F2C3DF5CE002CEEB3 /* PBXTargetDependency */ = {
			isa = PBXTargetDependency;
			target = 957FF7262C3DF5CD002CEEB3 /* MovifyV2 */;
			targetProxy = 957FF73E2C3DF5CE002CEEB3 /* PBXContainerItemProxy */;
		};
		957FF7492C3DF5CE002CEEB3 /* PBXTargetDependency */ = {
			isa = PBXTargetDependency;
			target = 957FF7262C3DF5CD002CEEB3 /* MovifyV2 */;
			targetProxy = 957FF7482C3DF5CE002CEEB3 /* PBXContainerItemProxy */;
		};
/* End PBXTargetDependency section */

/* Begin PBXVariantGroup section */
		957FF7352C3DF5CE002CEEB3 /* LaunchScreen.storyboard */ = {
			isa = PBXVariantGroup;
			children = (
				957FF7362C3DF5CE002CEEB3 /* Base */,
			);
			name = LaunchScreen.storyboard;
			sourceTree = "<group>";
		};
/* End PBXVariantGroup section */

/* Begin XCBuildConfiguration section */
		957FF74F2C3DF5CE002CEEB3 /* Debug */ = {
			isa = XCBuildConfiguration;
			buildSettings = {
				ALWAYS_SEARCH_USER_PATHS = NO;
				ASSETCATALOG_COMPILER_GENERATE_SWIFT_ASSET_SYMBOL_EXTENSIONS = YES;
				CLANG_ANALYZER_NONNULL = YES;
				CLANG_ANALYZER_NUMBER_OBJECT_CONVERSION = YES_AGGRESSIVE;
				CLANG_CXX_LANGUAGE_STANDARD = "gnu++20";
				CLANG_ENABLE_MODULES = YES;
				CLANG_ENABLE_OBJC_ARC = YES;
				CLANG_ENABLE_OBJC_WEAK = YES;
				CLANG_WARN_BLOCK_CAPTURE_AUTORELEASING = YES;
				CLANG_WARN_BOOL_CONVERSION = YES;
				CLANG_WARN_COMMA = YES;
				CLANG_WARN_CONSTANT_CONVERSION = YES;
				CLANG_WARN_DEPRECATED_OBJC_IMPLEMENTATIONS = YES;
				CLANG_WARN_DIRECT_OBJC_ISA_USAGE = YES_ERROR;
				CLANG_WARN_DOCUMENTATION_COMMENTS = YES;
				CLANG_WARN_EMPTY_BODY = YES;
				CLANG_WARN_ENUM_CONVERSION = YES;
				CLANG_WARN_INFINITE_RECURSION = YES;
				CLANG_WARN_INT_CONVERSION = YES;
				CLANG_WARN_NON_LITERAL_NULL_CONVERSION = YES;
				CLANG_WARN_OBJC_IMPLICIT_RETAIN_SELF = YES;
				CLANG_WARN_OBJC_LITERAL_CONVERSION = YES;
				CLANG_WARN_OBJC_ROOT_CLASS = YES_ERROR;
				CLANG_WARN_QUOTED_INCLUDE_IN_FRAMEWORK_HEADER = YES;
				CLANG_WARN_RANGE_LOOP_ANALYSIS = YES;
				CLANG_WARN_STRICT_PROTOTYPES = YES;
				CLANG_WARN_SUSPICIOUS_MOVE = YES;
				CLANG_WARN_UNGUARDED_AVAILABILITY = YES_AGGRESSIVE;
				CLANG_WARN_UNREACHABLE_CODE = YES;
				CLANG_WARN__DUPLICATE_METHOD_MATCH = YES;
				COPY_PHASE_STRIP = NO;
				DEBUG_INFORMATION_FORMAT = dwarf;
				ENABLE_STRICT_OBJC_MSGSEND = YES;
				ENABLE_TESTABILITY = YES;
				ENABLE_USER_SCRIPT_SANDBOXING = YES;
				GCC_C_LANGUAGE_STANDARD = gnu17;
				GCC_DYNAMIC_NO_PIC = NO;
				GCC_NO_COMMON_BLOCKS = YES;
				GCC_OPTIMIZATION_LEVEL = 0;
				GCC_PREPROCESSOR_DEFINITIONS = (
					"DEBUG=1",
					"$(inherited)",
				);
				GCC_WARN_64_TO_32_BIT_CONVERSION = YES;
				GCC_WARN_ABOUT_RETURN_TYPE = YES_ERROR;
				GCC_WARN_UNDECLARED_SELECTOR = YES;
				GCC_WARN_UNINITIALIZED_AUTOS = YES_AGGRESSIVE;
				GCC_WARN_UNUSED_FUNCTION = YES;
				GCC_WARN_UNUSED_VARIABLE = YES;
				IPHONEOS_DEPLOYMENT_TARGET = 17.5;
				LOCALIZATION_PREFERS_STRING_CATALOGS = YES;
				MTL_ENABLE_DEBUG_INFO = INCLUDE_SOURCE;
				MTL_FAST_MATH = YES;
				ONLY_ACTIVE_ARCH = YES;
				SDKROOT = iphoneos;
				SWIFT_ACTIVE_COMPILATION_CONDITIONS = "DEBUG $(inherited)";
				SWIFT_OPTIMIZATION_LEVEL = "-Onone";
			};
			name = Debug;
		};
		957FF7502C3DF5CE002CEEB3 /* Release */ = {
			isa = XCBuildConfiguration;
			buildSettings = {
				ALWAYS_SEARCH_USER_PATHS = NO;
				ASSETCATALOG_COMPILER_GENERATE_SWIFT_ASSET_SYMBOL_EXTENSIONS = YES;
				CLANG_ANALYZER_NONNULL = YES;
				CLANG_ANALYZER_NUMBER_OBJECT_CONVERSION = YES_AGGRESSIVE;
				CLANG_CXX_LANGUAGE_STANDARD = "gnu++20";
				CLANG_ENABLE_MODULES = YES;
				CLANG_ENABLE_OBJC_ARC = YES;
				CLANG_ENABLE_OBJC_WEAK = YES;
				CLANG_WARN_BLOCK_CAPTURE_AUTORELEASING = YES;
				CLANG_WARN_BOOL_CONVERSION = YES;
				CLANG_WARN_COMMA = YES;
				CLANG_WARN_CONSTANT_CONVERSION = YES;
				CLANG_WARN_DEPRECATED_OBJC_IMPLEMENTATIONS = YES;
				CLANG_WARN_DIRECT_OBJC_ISA_USAGE = YES_ERROR;
				CLANG_WARN_DOCUMENTATION_COMMENTS = YES;
				CLANG_WARN_EMPTY_BODY = YES;
				CLANG_WARN_ENUM_CONVERSION = YES;
				CLANG_WARN_INFINITE_RECURSION = YES;
				CLANG_WARN_INT_CONVERSION = YES;
				CLANG_WARN_NON_LITERAL_NULL_CONVERSION = YES;
				CLANG_WARN_OBJC_IMPLICIT_RETAIN_SELF = YES;
				CLANG_WARN_OBJC_LITERAL_CONVERSION = YES;
				CLANG_WARN_OBJC_ROOT_CLASS = YES_ERROR;
				CLANG_WARN_QUOTED_INCLUDE_IN_FRAMEWORK_HEADER = YES;
				CLANG_WARN_RANGE_LOOP_ANALYSIS = YES;
				CLANG_WARN_STRICT_PROTOTYPES = YES;
				CLANG_WARN_SUSPICIOUS_MOVE = YES;
				CLANG_WARN_UNGUARDED_AVAILABILITY = YES_AGGRESSIVE;
				CLANG_WARN_UNREACHABLE_CODE = YES;
				CLANG_WARN__DUPLICATE_METHOD_MATCH = YES;
				COPY_PHASE_STRIP = NO;
				DEBUG_INFORMATION_FORMAT = "dwarf-with-dsym";
				ENABLE_NS_ASSERTIONS = NO;
				ENABLE_STRICT_OBJC_MSGSEND = YES;
				ENABLE_USER_SCRIPT_SANDBOXING = YES;
				GCC_C_LANGUAGE_STANDARD = gnu17;
				GCC_NO_COMMON_BLOCKS = YES;
				GCC_WARN_64_TO_32_BIT_CONVERSION = YES;
				GCC_WARN_ABOUT_RETURN_TYPE = YES_ERROR;
				GCC_WARN_UNDECLARED_SELECTOR = YES;
				GCC_WARN_UNINITIALIZED_AUTOS = YES_AGGRESSIVE;
				GCC_WARN_UNUSED_FUNCTION = YES;
				GCC_WARN_UNUSED_VARIABLE = YES;
				IPHONEOS_DEPLOYMENT_TARGET = 17.5;
				LOCALIZATION_PREFERS_STRING_CATALOGS = YES;
				MTL_ENABLE_DEBUG_INFO = NO;
				MTL_FAST_MATH = YES;
				SDKROOT = iphoneos;
				SWIFT_COMPILATION_MODE = wholemodule;
				VALIDATE_PRODUCT = YES;
			};
			name = Release;
		};
		957FF7522C3DF5CE002CEEB3 /* Debug */ = {
			isa = XCBuildConfiguration;
			buildSettings = {
				ASSETCATALOG_COMPILER_APPICON_NAME = AppIcon;
				ASSETCATALOG_COMPILER_GLOBAL_ACCENT_COLOR_NAME = AccentColor;
				CODE_SIGN_STYLE = Automatic;
				CURRENT_PROJECT_VERSION = 1;
				DEVELOPMENT_TEAM = 8ANLV69UU4;
				GENERATE_INFOPLIST_FILE = YES;
				INFOPLIST_FILE = MovifyV2/Info.plist;
				INFOPLIST_KEY_UIApplicationSupportsIndirectInputEvents = YES;
				INFOPLIST_KEY_UILaunchStoryboardName = LaunchScreen;
				INFOPLIST_KEY_UISupportedInterfaceOrientations_iPad = "UIInterfaceOrientationPortrait UIInterfaceOrientationPortraitUpsideDown UIInterfaceOrientationLandscapeLeft UIInterfaceOrientationLandscapeRight";
				INFOPLIST_KEY_UISupportedInterfaceOrientations_iPhone = "UIInterfaceOrientationPortrait UIInterfaceOrientationLandscapeLeft UIInterfaceOrientationLandscapeRight";
				IPHONEOS_DEPLOYMENT_TARGET = 17.0;
				LD_RUNPATH_SEARCH_PATHS = (
					"$(inherited)",
					"@executable_path/Frameworks",
				);
				MARKETING_VERSION = 1.0;
				PRODUCT_BUNDLE_IDENTIFIER = com.sshashka.Movify;
				PRODUCT_NAME = "$(TARGET_NAME)";
				SUPPORTED_PLATFORMS = "iphoneos iphonesimulator";
				SUPPORTS_MACCATALYST = NO;
				SUPPORTS_MAC_DESIGNED_FOR_IPHONE_IPAD = NO;
				SUPPORTS_XR_DESIGNED_FOR_IPHONE_IPAD = NO;
				SWIFT_EMIT_LOC_STRINGS = YES;
				SWIFT_VERSION = 5.0;
				TARGETED_DEVICE_FAMILY = "1,2";
			};
			name = Debug;
		};
		957FF7532C3DF5CE002CEEB3 /* Release */ = {
			isa = XCBuildConfiguration;
			buildSettings = {
				ASSETCATALOG_COMPILER_APPICON_NAME = AppIcon;
				ASSETCATALOG_COMPILER_GLOBAL_ACCENT_COLOR_NAME = AccentColor;
				CODE_SIGN_STYLE = Automatic;
				CURRENT_PROJECT_VERSION = 1;
				DEVELOPMENT_TEAM = 8ANLV69UU4;
				GENERATE_INFOPLIST_FILE = YES;
				INFOPLIST_FILE = MovifyV2/Info.plist;
				INFOPLIST_KEY_UIApplicationSupportsIndirectInputEvents = YES;
				INFOPLIST_KEY_UILaunchStoryboardName = LaunchScreen;
				INFOPLIST_KEY_UISupportedInterfaceOrientations_iPad = "UIInterfaceOrientationPortrait UIInterfaceOrientationPortraitUpsideDown UIInterfaceOrientationLandscapeLeft UIInterfaceOrientationLandscapeRight";
				INFOPLIST_KEY_UISupportedInterfaceOrientations_iPhone = "UIInterfaceOrientationPortrait UIInterfaceOrientationLandscapeLeft UIInterfaceOrientationLandscapeRight";
				IPHONEOS_DEPLOYMENT_TARGET = 17.0;
				LD_RUNPATH_SEARCH_PATHS = (
					"$(inherited)",
					"@executable_path/Frameworks",
				);
				MARKETING_VERSION = 1.0;
				PRODUCT_BUNDLE_IDENTIFIER = com.sshashka.Movify;
				PRODUCT_NAME = "$(TARGET_NAME)";
				SUPPORTED_PLATFORMS = "iphoneos iphonesimulator";
				SUPPORTS_MACCATALYST = NO;
				SUPPORTS_MAC_DESIGNED_FOR_IPHONE_IPAD = NO;
				SUPPORTS_XR_DESIGNED_FOR_IPHONE_IPAD = NO;
				SWIFT_EMIT_LOC_STRINGS = YES;
				SWIFT_VERSION = 5.0;
				TARGETED_DEVICE_FAMILY = "1,2";
			};
			name = Release;
		};
		957FF7552C3DF5CE002CEEB3 /* Debug */ = {
			isa = XCBuildConfiguration;
			buildSettings = {
				ALWAYS_EMBED_SWIFT_STANDARD_LIBRARIES = YES;
				BUNDLE_LOADER = "$(TEST_HOST)";
				CODE_SIGN_STYLE = Automatic;
				CURRENT_PROJECT_VERSION = 1;
				DEVELOPMENT_TEAM = 8ANLV69UU4;
				GENERATE_INFOPLIST_FILE = YES;
				IPHONEOS_DEPLOYMENT_TARGET = 17.5;
				MARKETING_VERSION = 1.0;
				PRODUCT_BUNDLE_IDENTIFIER = com.sshashka.MovifyV2Tests;
				PRODUCT_NAME = "$(TARGET_NAME)";
				SWIFT_EMIT_LOC_STRINGS = NO;
				SWIFT_VERSION = 5.0;
				TARGETED_DEVICE_FAMILY = "1,2";
				TEST_HOST = "$(BUILT_PRODUCTS_DIR)/MovifyV2.app/$(BUNDLE_EXECUTABLE_FOLDER_PATH)/MovifyV2";
			};
			name = Debug;
		};
		957FF7562C3DF5CE002CEEB3 /* Release */ = {
			isa = XCBuildConfiguration;
			buildSettings = {
				ALWAYS_EMBED_SWIFT_STANDARD_LIBRARIES = YES;
				BUNDLE_LOADER = "$(TEST_HOST)";
				CODE_SIGN_STYLE = Automatic;
				CURRENT_PROJECT_VERSION = 1;
				DEVELOPMENT_TEAM = 8ANLV69UU4;
				GENERATE_INFOPLIST_FILE = YES;
				IPHONEOS_DEPLOYMENT_TARGET = 17.5;
				MARKETING_VERSION = 1.0;
				PRODUCT_BUNDLE_IDENTIFIER = com.sshashka.MovifyV2Tests;
				PRODUCT_NAME = "$(TARGET_NAME)";
				SWIFT_EMIT_LOC_STRINGS = NO;
				SWIFT_VERSION = 5.0;
				TARGETED_DEVICE_FAMILY = "1,2";
				TEST_HOST = "$(BUILT_PRODUCTS_DIR)/MovifyV2.app/$(BUNDLE_EXECUTABLE_FOLDER_PATH)/MovifyV2";
			};
			name = Release;
		};
		957FF7582C3DF5CE002CEEB3 /* Debug */ = {
			isa = XCBuildConfiguration;
			buildSettings = {
				ALWAYS_EMBED_SWIFT_STANDARD_LIBRARIES = YES;
				CODE_SIGN_STYLE = Automatic;
				CURRENT_PROJECT_VERSION = 1;
				DEVELOPMENT_TEAM = 8ANLV69UU4;
				GENERATE_INFOPLIST_FILE = YES;
				MARKETING_VERSION = 1.0;
				PRODUCT_BUNDLE_IDENTIFIER = com.sshashka.MovifyV2UITests;
				PRODUCT_NAME = "$(TARGET_NAME)";
				SWIFT_EMIT_LOC_STRINGS = NO;
				SWIFT_VERSION = 5.0;
				TARGETED_DEVICE_FAMILY = "1,2";
				TEST_TARGET_NAME = MovifyV2;
			};
			name = Debug;
		};
		957FF7592C3DF5CE002CEEB3 /* Release */ = {
			isa = XCBuildConfiguration;
			buildSettings = {
				ALWAYS_EMBED_SWIFT_STANDARD_LIBRARIES = YES;
				CODE_SIGN_STYLE = Automatic;
				CURRENT_PROJECT_VERSION = 1;
				DEVELOPMENT_TEAM = 8ANLV69UU4;
				GENERATE_INFOPLIST_FILE = YES;
				MARKETING_VERSION = 1.0;
				PRODUCT_BUNDLE_IDENTIFIER = com.sshashka.MovifyV2UITests;
				PRODUCT_NAME = "$(TARGET_NAME)";
				SWIFT_EMIT_LOC_STRINGS = NO;
				SWIFT_VERSION = 5.0;
				TARGETED_DEVICE_FAMILY = "1,2";
				TEST_TARGET_NAME = MovifyV2;
			};
			name = Release;
		};
/* End XCBuildConfiguration section */

/* Begin XCConfigurationList section */
		957FF7222C3DF5CD002CEEB3 /* Build configuration list for PBXProject "MovifyV2" */ = {
			isa = XCConfigurationList;
			buildConfigurations = (
				957FF74F2C3DF5CE002CEEB3 /* Debug */,
				957FF7502C3DF5CE002CEEB3 /* Release */,
			);
			defaultConfigurationIsVisible = 0;
			defaultConfigurationName = Release;
		};
		957FF7512C3DF5CE002CEEB3 /* Build configuration list for PBXNativeTarget "MovifyV2" */ = {
			isa = XCConfigurationList;
			buildConfigurations = (
				957FF7522C3DF5CE002CEEB3 /* Debug */,
				957FF7532C3DF5CE002CEEB3 /* Release */,
			);
			defaultConfigurationIsVisible = 0;
			defaultConfigurationName = Release;
		};
		957FF7542C3DF5CE002CEEB3 /* Build configuration list for PBXNativeTarget "MovifyV2Tests" */ = {
			isa = XCConfigurationList;
			buildConfigurations = (
				957FF7552C3DF5CE002CEEB3 /* Debug */,
				957FF7562C3DF5CE002CEEB3 /* Release */,
			);
			defaultConfigurationIsVisible = 0;
			defaultConfigurationName = Release;
		};
		957FF7572C3DF5CE002CEEB3 /* Build configuration list for PBXNativeTarget "MovifyV2UITests" */ = {
			isa = XCConfigurationList;
			buildConfigurations = (
				957FF7582C3DF5CE002CEEB3 /* Debug */,
				957FF7592C3DF5CE002CEEB3 /* Release */,
			);
			defaultConfigurationIsVisible = 0;
			defaultConfigurationName = Release;
		};
/* End XCConfigurationList section */

/* Begin XCRemoteSwiftPackageReference section */
		957FF7622C3DFB99002CEEB3 /* XCRemoteSwiftPackageReference "swift-composable-architecture" */ = {
			isa = XCRemoteSwiftPackageReference;
			repositoryURL = "https://github.com/pointfreeco/swift-composable-architecture";
			requirement = {
				kind = upToNextMajorVersion;
				minimumVersion = 1.11.2;
			};
		};
		957FF7652C3DFC50002CEEB3 /* XCRemoteSwiftPackageReference "firebase-ios-sdk" */ = {
			isa = XCRemoteSwiftPackageReference;
			repositoryURL = "https://github.com/firebase/firebase-ios-sdk.git";
			requirement = {
				kind = upToNextMajorVersion;
				minimumVersion = 10.29.0;
			};
		};
		957FF79E2C3DFCA2002CEEB3 /* XCRemoteSwiftPackageReference "SwiftUI-CardStackView" */ = {
			isa = XCRemoteSwiftPackageReference;
			repositoryURL = "https://github.com/dadalar/SwiftUI-CardStackView";
			requirement = {
				kind = upToNextMajorVersion;
				minimumVersion = 0.0.6;
			};
		};
/* End XCRemoteSwiftPackageReference section */

/* Begin XCSwiftPackageProductDependency section */
		957FF7632C3DFB99002CEEB3 /* ComposableArchitecture */ = {
			isa = XCSwiftPackageProductDependency;
			package = 957FF7622C3DFB99002CEEB3 /* XCRemoteSwiftPackageReference "swift-composable-architecture" */;
			productName = ComposableArchitecture;
		};
		957FF7662C3DFC50002CEEB3 /* FirebaseAnalytics */ = {
			isa = XCSwiftPackageProductDependency;
			package = 957FF7652C3DFC50002CEEB3 /* XCRemoteSwiftPackageReference "firebase-ios-sdk" */;
			productName = FirebaseAnalytics;
		};
		957FF7682C3DFC50002CEEB3 /* FirebaseAnalyticsOnDeviceConversion */ = {
			isa = XCSwiftPackageProductDependency;
			package = 957FF7652C3DFC50002CEEB3 /* XCRemoteSwiftPackageReference "firebase-ios-sdk" */;
			productName = FirebaseAnalyticsOnDeviceConversion;
		};
		957FF76A2C3DFC50002CEEB3 /* FirebaseAnalyticsSwift */ = {
			isa = XCSwiftPackageProductDependency;
			package = 957FF7652C3DFC50002CEEB3 /* XCRemoteSwiftPackageReference "firebase-ios-sdk" */;
			productName = FirebaseAnalyticsSwift;
		};
		957FF76C2C3DFC50002CEEB3 /* FirebaseAnalyticsWithoutAdIdSupport */ = {
			isa = XCSwiftPackageProductDependency;
			package = 957FF7652C3DFC50002CEEB3 /* XCRemoteSwiftPackageReference "firebase-ios-sdk" */;
			productName = FirebaseAnalyticsWithoutAdIdSupport;
		};
		957FF76E2C3DFC50002CEEB3 /* FirebaseAppCheck */ = {
			isa = XCSwiftPackageProductDependency;
			package = 957FF7652C3DFC50002CEEB3 /* XCRemoteSwiftPackageReference "firebase-ios-sdk" */;
			productName = FirebaseAppCheck;
		};
		957FF7702C3DFC50002CEEB3 /* FirebaseAppDistribution-Beta */ = {
			isa = XCSwiftPackageProductDependency;
			package = 957FF7652C3DFC50002CEEB3 /* XCRemoteSwiftPackageReference "firebase-ios-sdk" */;
			productName = "FirebaseAppDistribution-Beta";
		};
		957FF7722C3DFC50002CEEB3 /* FirebaseAuth */ = {
			isa = XCSwiftPackageProductDependency;
			package = 957FF7652C3DFC50002CEEB3 /* XCRemoteSwiftPackageReference "firebase-ios-sdk" */;
			productName = FirebaseAuth;
		};
		957FF7742C3DFC50002CEEB3 /* FirebaseAuthCombine-Community */ = {
			isa = XCSwiftPackageProductDependency;
			package = 957FF7652C3DFC50002CEEB3 /* XCRemoteSwiftPackageReference "firebase-ios-sdk" */;
			productName = "FirebaseAuthCombine-Community";
		};
		957FF7762C3DFC50002CEEB3 /* FirebaseCrashlytics */ = {
			isa = XCSwiftPackageProductDependency;
			package = 957FF7652C3DFC50002CEEB3 /* XCRemoteSwiftPackageReference "firebase-ios-sdk" */;
			productName = FirebaseCrashlytics;
		};
		957FF7782C3DFC50002CEEB3 /* FirebaseDatabase */ = {
			isa = XCSwiftPackageProductDependency;
			package = 957FF7652C3DFC50002CEEB3 /* XCRemoteSwiftPackageReference "firebase-ios-sdk" */;
			productName = FirebaseDatabase;
		};
		957FF77A2C3DFC50002CEEB3 /* FirebaseDatabaseSwift */ = {
			isa = XCSwiftPackageProductDependency;
			package = 957FF7652C3DFC50002CEEB3 /* XCRemoteSwiftPackageReference "firebase-ios-sdk" */;
			productName = FirebaseDatabaseSwift;
		};
		957FF77C2C3DFC50002CEEB3 /* FirebaseDynamicLinks */ = {
			isa = XCSwiftPackageProductDependency;
			package = 957FF7652C3DFC50002CEEB3 /* XCRemoteSwiftPackageReference "firebase-ios-sdk" */;
			productName = FirebaseDynamicLinks;
		};
		957FF77E2C3DFC50002CEEB3 /* FirebaseFirestore */ = {
			isa = XCSwiftPackageProductDependency;
			package = 957FF7652C3DFC50002CEEB3 /* XCRemoteSwiftPackageReference "firebase-ios-sdk" */;
			productName = FirebaseFirestore;
		};
		957FF7802C3DFC50002CEEB3 /* FirebaseFirestoreCombine-Community */ = {
			isa = XCSwiftPackageProductDependency;
			package = 957FF7652C3DFC50002CEEB3 /* XCRemoteSwiftPackageReference "firebase-ios-sdk" */;
			productName = "FirebaseFirestoreCombine-Community";
		};
		957FF7822C3DFC50002CEEB3 /* FirebaseFirestoreSwift */ = {
			isa = XCSwiftPackageProductDependency;
			package = 957FF7652C3DFC50002CEEB3 /* XCRemoteSwiftPackageReference "firebase-ios-sdk" */;
			productName = FirebaseFirestoreSwift;
		};
		957FF7842C3DFC50002CEEB3 /* FirebaseFunctions */ = {
			isa = XCSwiftPackageProductDependency;
			package = 957FF7652C3DFC50002CEEB3 /* XCRemoteSwiftPackageReference "firebase-ios-sdk" */;
			productName = FirebaseFunctions;
		};
		957FF7862C3DFC50002CEEB3 /* FirebaseFunctionsCombine-Community */ = {
			isa = XCSwiftPackageProductDependency;
			package = 957FF7652C3DFC50002CEEB3 /* XCRemoteSwiftPackageReference "firebase-ios-sdk" */;
			productName = "FirebaseFunctionsCombine-Community";
		};
		957FF7882C3DFC50002CEEB3 /* FirebaseInAppMessaging-Beta */ = {
			isa = XCSwiftPackageProductDependency;
			package = 957FF7652C3DFC50002CEEB3 /* XCRemoteSwiftPackageReference "firebase-ios-sdk" */;
			productName = "FirebaseInAppMessaging-Beta";
		};
		957FF78A2C3DFC50002CEEB3 /* FirebaseInAppMessagingSwift-Beta */ = {
			isa = XCSwiftPackageProductDependency;
			package = 957FF7652C3DFC50002CEEB3 /* XCRemoteSwiftPackageReference "firebase-ios-sdk" */;
			productName = "FirebaseInAppMessagingSwift-Beta";
		};
		957FF78C2C3DFC50002CEEB3 /* FirebaseInstallations */ = {
			isa = XCSwiftPackageProductDependency;
			package = 957FF7652C3DFC50002CEEB3 /* XCRemoteSwiftPackageReference "firebase-ios-sdk" */;
			productName = FirebaseInstallations;
		};
		957FF78E2C3DFC50002CEEB3 /* FirebaseMLModelDownloader */ = {
			isa = XCSwiftPackageProductDependency;
			package = 957FF7652C3DFC50002CEEB3 /* XCRemoteSwiftPackageReference "firebase-ios-sdk" */;
			productName = FirebaseMLModelDownloader;
		};
		957FF7902C3DFC50002CEEB3 /* FirebaseMessaging */ = {
			isa = XCSwiftPackageProductDependency;
			package = 957FF7652C3DFC50002CEEB3 /* XCRemoteSwiftPackageReference "firebase-ios-sdk" */;
			productName = FirebaseMessaging;
		};
		957FF7922C3DFC50002CEEB3 /* FirebasePerformance */ = {
			isa = XCSwiftPackageProductDependency;
			package = 957FF7652C3DFC50002CEEB3 /* XCRemoteSwiftPackageReference "firebase-ios-sdk" */;
			productName = FirebasePerformance;
		};
		957FF7942C3DFC50002CEEB3 /* FirebaseRemoteConfig */ = {
			isa = XCSwiftPackageProductDependency;
			package = 957FF7652C3DFC50002CEEB3 /* XCRemoteSwiftPackageReference "firebase-ios-sdk" */;
			productName = FirebaseRemoteConfig;
		};
		957FF7962C3DFC50002CEEB3 /* FirebaseRemoteConfigSwift */ = {
			isa = XCSwiftPackageProductDependency;
			package = 957FF7652C3DFC50002CEEB3 /* XCRemoteSwiftPackageReference "firebase-ios-sdk" */;
			productName = FirebaseRemoteConfigSwift;
		};
		957FF7982C3DFC50002CEEB3 /* FirebaseStorage */ = {
			isa = XCSwiftPackageProductDependency;
			package = 957FF7652C3DFC50002CEEB3 /* XCRemoteSwiftPackageReference "firebase-ios-sdk" */;
			productName = FirebaseStorage;
		};
		957FF79A2C3DFC50002CEEB3 /* FirebaseStorageCombine-Community */ = {
			isa = XCSwiftPackageProductDependency;
			package = 957FF7652C3DFC50002CEEB3 /* XCRemoteSwiftPackageReference "firebase-ios-sdk" */;
			productName = "FirebaseStorageCombine-Community";
		};
		957FF79C2C3DFC50002CEEB3 /* FirebaseVertexAI-Preview */ = {
			isa = XCSwiftPackageProductDependency;
			package = 957FF7652C3DFC50002CEEB3 /* XCRemoteSwiftPackageReference "firebase-ios-sdk" */;
			productName = "FirebaseVertexAI-Preview";
		};
		957FF79F2C3DFCA2002CEEB3 /* CardStack */ = {
			isa = XCSwiftPackageProductDependency;
			package = 957FF79E2C3DFCA2002CEEB3 /* XCRemoteSwiftPackageReference "SwiftUI-CardStackView" */;
			productName = CardStack;
		};
/* End XCSwiftPackageProductDependency section */
	};
	rootObject = 957FF71F2C3DF5CD002CEEB3 /* Project object */;
}
